
Microsoft Visual Studio Solution File, Format Version 12.00
# Visual Studio 15
Project("{FAE04EC0-301F-11D3-BF4B-00C04F79EFBC}") = "Assembly-CSharp", "Assembly-CSharp.csproj", "{889C5346-2CD6-D7E8-4278-2072529B5670}"
EndProject
Project("{FAE04EC0-301F-11D3-BF4B-00C04F79EFBC}") = "Assembly-CSharp-firstpass", "Assembly-CSharp-firstpass.csproj", "{67E737C0-61FA-9440-6388-111F0B0B36B3}"
EndProject
Project("{FAE04EC0-301F-11D3-BF4B-00C04F79EFBC}") = "Assembly-CSharp-Editor", "Assembly-CSharp-Editor.csproj", "{50C1C080-DC82-F173-EEBB-15876719FB78}"
EndProject
Project("{FAE04EC0-301F-11D3-BF4B-00C04F79EFBC}") = "Assembly-CSharp-Editor-firstpass", "Assembly-CSharp-Editor-firstpass.csproj", "{FAF156D3-99DE-40AC-A0B0-51B8C8FA00A9}"
EndProject
Global
	GlobalSection(SolutionConfigurationPlatforms) = preSolution
		Debug|Any CPU = Debug|Any CPU
		Release|Any CPU = Release|Any CPU
	EndGlobalSection
	GlobalSection(ProjectConfigurationPlatforms) = postSolution
		{889C5346-2CD6-D7E8-4278-2072529B5670}.Debug|Any CPU.ActiveCfg = Debug|Any CPU
		{889C5346-2CD6-D7E8-4278-2072529B5670}.Debug|Any CPU.Build.0 = Debug|Any CPU
		{889C5346-2CD6-D7E8-4278-2072529B5670}.Release|Any CPU.ActiveCfg = Release|Any CPU
		{889C5346-2CD6-D7E8-4278-2072529B5670}.Release|Any CPU.Build.0 = Release|Any CPU
		{67E737C0-61FA-9440-6388-111F0B0B36B3}.Debug|Any CPU.ActiveCfg = Debug|Any CPU
		{67E737C0-61FA-9440-6388-111F0B0B36B3}.Debug|Any CPU.Build.0 = Debug|Any CPU
		{67E737C0-61FA-9440-6388-111F0B0B36B3}.Release|Any CPU.ActiveCfg = Release|Any CPU
		{67E737C0-61FA-9440-6388-111F0B0B36B3}.Release|Any CPU.Build.0 = Release|Any CPU
		{50C1C080-DC82-F173-EEBB-15876719FB78}.Debug|Any CPU.ActiveCfg = Debug|Any CPU
		{50C1C080-DC82-F173-EEBB-15876719FB78}.Debug|Any CPU.Build.0 = Debug|Any CPU
		{50C1C080-DC82-F173-EEBB-15876719FB78}.Release|Any CPU.ActiveCfg = Release|Any CPU
		{50C1C080-DC82-F173-EEBB-15876719FB78}.Release|Any CPU.Build.0 = Release|Any CPU
		{FAF156D3-99DE-40AC-A0B0-51B8C8FA00A9}.Debug|Any CPU.ActiveCfg = Debug|Any CPU
		{FAF156D3-99DE-40AC-A0B0-51B8C8FA00A9}.Debug|Any CPU.Build.0 = Debug|Any CPU
		{FAF156D3-99DE-40AC-A0B0-51B8C8FA00A9}.Release|Any CPU.ActiveCfg = Release|Any CPU
		{FAF156D3-99DE-40AC-A0B0-51B8C8FA00A9}.Release|Any CPU.Build.0 = Release|Any CPU
	EndGlobalSection
	GlobalSection(SolutionProperties) = preSolution
		HideSolutionNode = FALSE
	EndGlobalSection
EndGlobal
